
Microsoft Visual Studio Solution File, Format Version 12.00
# Visual Studio Version 16
VisualStudioVersion = 16.0.32126.315
MinimumVisualStudioVersion = 10.0.40219.1
Project("{9A19103F-16F7-4668-BE54-9A1E7A4F7556}") = "DataStructure", "DataStructure.csproj", "{D4999876-A201-4C0E-8C1E-FE8473719789}"
EndProject
Project("{FAE04EC0-301F-11D3-BF4B-00C04F79EFBC}") = "TestProject1", "..\TestProject1\TestProject1.csproj", "{E329C901-683C-4D68-8E1B-0E4B197DEC12}"
EndProject
Global
	GlobalSection(SolutionConfigurationPlatforms) = preSolution
		Debug|Any CPU = Debug|Any CPU
		Release|Any CPU = Release|Any CPU
	EndGlobalSection
	GlobalSection(ProjectConfigurationPlatforms) = postSolution
		{D4999876-A201-4C0E-8C1E-FE8473719789}.Debug|Any CPU.ActiveCfg = Debug|Any CPU
		{D4999876-A201-4C0E-8C1E-FE8473719789}.Debug|Any CPU.Build.0 = Debug|Any CPU
		{D4999876-A201-4C0E-8C1E-FE8473719789}.Release|Any CPU.ActiveCfg = Release|Any CPU
		{D4999876-A201-4C0E-8C1E-FE8473719789}.Release|Any CPU.Build.0 = Release|Any CPU
		{E329C901-683C-4D68-8E1B-0E4B197DEC12}.Debug|Any CPU.ActiveCfg = Debug|Any CPU
		{E329C901-683C-4D68-8E1B-0E4B197DEC12}.Debug|Any CPU.Build.0 = Debug|Any CPU
		{E329C901-683C-4D68-8E1B-0E4B197DEC12}.Release|Any CPU.ActiveCfg = Release|Any CPU
		{E329C901-683C-4D68-8E1B-0E4B197DEC12}.Release|Any CPU.Build.0 = Release|Any CPU
	EndGlobalSection
	GlobalSection(SolutionProperties) = preSolution
		HideSolutionNode = FALSE
	EndGlobalSection
	GlobalSection(ExtensibilityGlobals) = postSolution
		SolutionGuid = {7A1B5652-C275-498D-B9A7-F4F9B4296AE0}
	EndGlobalSection
EndGlobal
